
Microsoft Visual Studio Solution File, Format Version 12.00
# Visual Studio 2015
Project("{FAE04EC0-301F-11D3-BF4B-00C04F79EFBC}") = "myProject.CSharp.Plugins", "myProject.CSharp.Plugins.csproj", "{C197B664-8DC9-3CB9-11B5-F45E5B251288}"
EndProject
Project("{FAE04EC0-301F-11D3-BF4B-00C04F79EFBC}") = "myProject.CSharp", "myProject.CSharp.csproj", "{B71E9F94-5A04-546E-9D05-F84A58D0BB2D}"
EndProject
Project("{FAE04EC0-301F-11D3-BF4B-00C04F79EFBC}") = "myProject.CSharp.Editor", "myProject.CSharp.Editor.csproj", "{A0AF10C7-3B86-8E8F-12B1-9B8B655406C0}"
EndProject
Global
	GlobalSection(SolutionConfigurationPlatforms) = preSolution
		Debug|Any CPU = Debug|Any CPU
		Release|Any CPU = Release|Any CPU
	EndGlobalSection
	GlobalSection(ProjectConfigurationPlatforms) = postSolution
		{C197B664-8DC9-3CB9-11B5-F45E5B251288}.Debug|Any CPU.ActiveCfg = Debug|Any CPU
		{C197B664-8DC9-3CB9-11B5-F45E5B251288}.Debug|Any CPU.Build.0 = Debug|Any CPU
		{C197B664-8DC9-3CB9-11B5-F45E5B251288}.Release|Any CPU.ActiveCfg = Release|Any CPU
		{C197B664-8DC9-3CB9-11B5-F45E5B251288}.Release|Any CPU.Build.0 = Release|Any CPU
		{B71E9F94-5A04-546E-9D05-F84A58D0BB2D}.Debug|Any CPU.ActiveCfg = Debug|Any CPU
		{B71E9F94-5A04-546E-9D05-F84A58D0BB2D}.Debug|Any CPU.Build.0 = Debug|Any CPU
		{B71E9F94-5A04-546E-9D05-F84A58D0BB2D}.Release|Any CPU.ActiveCfg = Release|Any CPU
		{B71E9F94-5A04-546E-9D05-F84A58D0BB2D}.Release|Any CPU.Build.0 = Release|Any CPU
		{A0AF10C7-3B86-8E8F-12B1-9B8B655406C0}.Debug|Any CPU.ActiveCfg = Debug|Any CPU
		{A0AF10C7-3B86-8E8F-12B1-9B8B655406C0}.Debug|Any CPU.Build.0 = Debug|Any CPU
		{A0AF10C7-3B86-8E8F-12B1-9B8B655406C0}.Release|Any CPU.ActiveCfg = Release|Any CPU
		{A0AF10C7-3B86-8E8F-12B1-9B8B655406C0}.Release|Any CPU.Build.0 = Release|Any CPU
	EndGlobalSection
	GlobalSection(SolutionProperties) = preSolution
		HideSolutionNode = FALSE
	EndGlobalSection
EndGlobal
